
Microsoft Visual Studio Solution File, Format Version 12.00
# Visual Studio Version 16
VisualStudioVersion = 16.0.30320.27
MinimumVisualStudioVersion = 10.0.40219.1
Project("{9A19103F-16F7-4668-BE54-9A1E7A4F7556}") = "myapp", "myapp.csproj", "{6F465B6E-0124-4D5C-84EC-355DCA86CC0F}"
EndProject
Global
	GlobalSection(SolutionConfigurationPlatforms) = preSolution
		Debug|Any CPU = Debug|Any CPU
		Release|Any CPU = Release|Any CPU
	EndGlobalSection
	GlobalSection(ProjectConfigurationPlatforms) = postSolution
		{6F465B6E-0124-4D5C-84EC-355DCA86CC0F}.Debug|Any CPU.ActiveCfg = Debug|Any CPU
		{6F465B6E-0124-4D5C-84EC-355DCA86CC0F}.Debug|Any CPU.Build.0 = Debug|Any CPU
		{6F465B6E-0124-4D5C-84EC-355DCA86CC0F}.Release|Any CPU.ActiveCfg = Release|Any CPU
		{6F465B6E-0124-4D5C-84EC-355DCA86CC0F}.Release|Any CPU.Build.0 = Release|Any CPU
	EndGlobalSection
	GlobalSection(SolutionProperties) = preSolution
		HideSolutionNode = FALSE
	EndGlobalSection
	GlobalSection(ExtensibilityGlobals) = postSolution
		SolutionGuid = {2EFEBD62-7C2C-4B66-A702-F60545D41E62}
	EndGlobalSection
EndGlobal
